<?xml version="1.0" encoding="utf-8"?>
<Project ToolsVersion="4.0" xmlns="http://schemas.microsoft.com/developer/msbuild/2003">
  <ItemGroup>
    <Filter Include="00.Management">
      <UniqueIdentifier>{4636f481-1c07-4e0b-9ee8-6a917da6e6f9}</UniqueIdentifier>
    </Filter>
    <Filter Include="01.Scene">
      <UniqueIdentifier>{dbc12dbe-2b5c-4950-84c0-02a470ccca96}</UniqueIdentifier>
    </Filter>
    <Filter Include="02.Layer">
      <UniqueIdentifier>{edfa0535-6749-4006-899e-a794579534d2}</UniqueIdentifier>
    </Filter>
    <Filter Include="03.GameObject">
      <UniqueIdentifier>{1f9f9015-e27b-423b-9cb2-261ca2b43976}</UniqueIdentifier>
    </Filter>
    <Filter Include="04.Component">
      <UniqueIdentifier>{3eabd75c-b4e7-44de-9dc6-9d3c998702ec}</UniqueIdentifier>
    </Filter>
    <Filter Include="05.ProtoMgr">
      <UniqueIdentifier>{f267a4c5-d233-4007-b5ab-f9d9a6e84f72}</UniqueIdentifier>
    </Filter>
    <Filter Include="99.Export">
      <UniqueIdentifier>{811a2042-207d-43c5-a86f-3a9cc0873847}</UniqueIdentifier>
    </Filter>
    <Filter Include="03.GameObject\00.Camera">
      <UniqueIdentifier>{5fa9ee3d-0d51-4a51-8489-f188889429bd}</UniqueIdentifier>
    </Filter>
    <Filter Include="04.Component\00.VIBuffer">
      <UniqueIdentifier>{e6ce0abb-d4db-436a-8126-360859a1785f}</UniqueIdentifier>
    </Filter>
    <Filter Include="04.Component\01.Texture">
      <UniqueIdentifier>{29877e02-55a5-4811-bdcf-2084cd7f894a}</UniqueIdentifier>
    </Filter>
    <Filter Include="04.Component\02.Transform">
      <UniqueIdentifier>{68486ab5-6321-46b2-b19b-e795c9e7dbcc}</UniqueIdentifier>
    </Filter>
    <Filter Include="04.Component\03.Renderer">
      <UniqueIdentifier>{6d9dd26a-6d9d-4cb5-b640-ee85dd3827e7}</UniqueIdentifier>
    </Filter>
    <Filter Include="04.Component\04.Calculator">
      <UniqueIdentifier>{6253d45d-47ed-4fc1-9f92-c94a7071b021}</UniqueIdentifier>
    </Filter>
    <Filter Include="04.Component\00.VIBuffer\00.TriCol">
      <UniqueIdentifier>{d6512225-9842-4415-9719-0a6f6e7e376e}</UniqueIdentifier>
    </Filter>
    <Filter Include="04.Component\00.VIBuffer\01.RcTex">
      <UniqueIdentifier>{61beeae9-232d-4953-94ee-689b9c542494}</UniqueIdentifier>
    </Filter>
    <Filter Include="04.Component\00.VIBuffer\02.TerrainTex">
      <UniqueIdentifier>{1cf12abd-fe9e-4fb2-acd2-65fccc1dc2b0}</UniqueIdentifier>
    </Filter>
    <Filter Include="04.Component\00.VIBuffer\03.CubeTex">
      <UniqueIdentifier>{b3d34d6c-dcb4-429f-9a50-300c7c04f5a5}</UniqueIdentifier>
    </Filter>
    <Filter Include="04.Component\05.StaticMesh">
      <UniqueIdentifier>{b0fe5b77-2c12-475a-8646-cf4b38675cdc}</UniqueIdentifier>
    </Filter>
    <Filter Include="04.Component\06.DynamicMesh">
      <UniqueIdentifier>{4af50d09-7279-4110-acdb-1dbf827b2b47}</UniqueIdentifier>
    </Filter>
    <Filter Include="04.Component\07.Collider">
      <UniqueIdentifier>{de013b91-86c6-4316-93dd-7dd0d51f2d53}</UniqueIdentifier>
    </Filter>
    <Filter Include="04.Component\06.DynamicMesh\00.HierachyLoader">
      <UniqueIdentifier>{0b0d2d94-5ea1-49e2-bd62-8c6702a77f02}</UniqueIdentifier>
    </Filter>
    <Filter Include="04.Component\06.DynamicMesh\01.AniCtrl">
      <UniqueIdentifier>{d45f6fc4-3f4e-42ba-a143-2538a9d6ad2e}</UniqueIdentifier>
    </Filter>
    <Filter Include="06.Light">
      <UniqueIdentifier>{8d2440ae-ce92-4986-8c31-ba3ac969ed2b}</UniqueIdentifier>
    </Filter>
    <Filter Include="06.Light\Manager">
      <UniqueIdentifier>{52775da1-43d4-4ea1-aabf-5478b9c470cf}</UniqueIdentifier>
    </Filter>
    <Filter Include="03.GameObject\MFC_ObjManager">
      <UniqueIdentifier>{0748bd57-ca62-4823-a451-12230c4ca53d}</UniqueIdentifier>
    </Filter>
    <Filter Include="04.Component\07.Collider\00.Sphere">
      <UniqueIdentifier>{798cab07-8241-46fd-a565-0fb0f40557e6}</UniqueIdentifier>
    </Filter>
    <Filter Include="04.Component\07.Collider\01.Box">
      <UniqueIdentifier>{39c29150-2081-4bc6-a23a-b54b3786534a}</UniqueIdentifier>
    </Filter>
    <Filter Include="04.Component\08.Navimesh">
      <UniqueIdentifier>{ad4791c5-5d2f-4c47-a42c-bfe19e342237}</UniqueIdentifier>
    </Filter>
    <Filter Include="04.Component\08.Navimesh\Cell">
      <UniqueIdentifier>{150faa73-bce8-473c-bbd7-521a514ba1c3}</UniqueIdentifier>
    </Filter>
    <Filter Include="04.Component\08.Navimesh\Line">
      <UniqueIdentifier>{25528130-0a29-4efc-b64b-510f34f44956}</UniqueIdentifier>
    </Filter>
    <Filter Include="04.Component\09.Optimization">
      <UniqueIdentifier>{1d5715f8-40a7-45e9-80fd-231f096ca004}</UniqueIdentifier>
    </Filter>
    <Filter Include="04.Component\09.Optimization\QuadTree">
      <UniqueIdentifier>{4d947986-371b-4465-b813-eda4dbb5216b}</UniqueIdentifier>
    </Filter>
    <Filter Include="04.Component\09.Optimization\Frustum">
      <UniqueIdentifier>{e2e57041-3f48-4da9-9026-c8938b4ee0f7}</UniqueIdentifier>
    </Filter>
    <Filter Include="04.Component\10.Shader">
      <UniqueIdentifier>{6f09ad37-9be9-428c-adc4-b93996648aa6}</UniqueIdentifier>
    </Filter>
    <Filter Include="07.RenderTarget">
      <UniqueIdentifier>{7689b1ad-9f1e-4acb-8283-c8a2e9056c0e}</UniqueIdentifier>
    </Filter>
    <Filter Include="07.RenderTarget\Manager">
      <UniqueIdentifier>{7d7b95b4-9dbe-4dc2-8c34-bff3aa4b1187}</UniqueIdentifier>
    </Filter>
    <Filter Include="04.Component\00.VIBuffer\04.Trail">
      <UniqueIdentifier>{2e2f132d-5b71-43c6-a38f-aac0abb72675}</UniqueIdentifier>
    </Filter>
    <Filter Include="04.Component\10.Shader\HLSL">
      <UniqueIdentifier>{6a363f39-84c6-423f-8b6c-dd3bf48daaa9}</UniqueIdentifier>
    </Filter>
    <Filter Include="04.Component\00.VIBuffer\05.SmashTrail">
      <UniqueIdentifier>{3e71e491-59ad-4dd0-b140-df8dbe2cd368}</UniqueIdentifier>
    </Filter>
    <Filter Include="04.Component\00.VIBuffer\06.BalistaTrail">
      <UniqueIdentifier>{5ac31b65-91d0-44bd-9802-5d0bad745f73}</UniqueIdentifier>
    </Filter>
  </ItemGroup>
  <ItemGroup>
    <ClInclude Include="..\..\Headers\Export_Utility.h">
      <Filter>99.Export</Filter>
    </ClInclude>
    <ClInclude Include="..\Codes\Management.h">
      <Filter>00.Management</Filter>
    </ClInclude>
    <ClInclude Include="..\Codes\Scene.h">
      <Filter>01.Scene</Filter>
    </ClInclude>
    <ClInclude Include="..\Codes\Layer.h">
      <Filter>02.Layer</Filter>
    </ClInclude>
    <ClInclude Include="..\Codes\GameObject.h">
      <Filter>03.GameObject</Filter>
    </ClInclude>
    <ClInclude Include="..\Codes\Camera.h">
      <Filter>03.GameObject\00.Camera</Filter>
    </ClInclude>
    <ClInclude Include="..\Codes\ProtoMgr.h">
      <Filter>05.ProtoMgr</Filter>
    </ClInclude>
    <ClInclude Include="..\Codes\Calculator.h">
      <Filter>04.Component\04.Calculator</Filter>
    </ClInclude>
    <ClInclude Include="..\Codes\Component.h">
      <Filter>04.Component</Filter>
    </ClInclude>
    <ClInclude Include="..\Codes\CubeTex.h">
      <Filter>04.Component\00.VIBuffer\03.CubeTex</Filter>
    </ClInclude>
    <ClInclude Include="..\Codes\RcTex.h">
      <Filter>04.Component\00.VIBuffer\01.RcTex</Filter>
    </ClInclude>
    <ClInclude Include="..\Codes\TerrainTex.h">
      <Filter>04.Component\00.VIBuffer\02.TerrainTex</Filter>
    </ClInclude>
    <ClInclude Include="..\Codes\Texture.h">
      <Filter>04.Component\01.Texture</Filter>
    </ClInclude>
    <ClInclude Include="..\Codes\Transform.h">
      <Filter>04.Component\02.Transform</Filter>
    </ClInclude>
    <ClInclude Include="..\Codes\TriCol.h">
      <Filter>04.Component\00.VIBuffer\00.TriCol</Filter>
    </ClInclude>
    <ClInclude Include="..\Codes\VIBuffer.h">
      <Filter>04.Component\00.VIBuffer</Filter>
    </ClInclude>
    <ClInclude Include="..\Codes\Renderer.h">
      <Filter>04.Component\03.Renderer</Filter>
    </ClInclude>
    <ClInclude Include="..\Codes\MFC_ObjectManager.h">
      <Filter>03.GameObject\MFC_ObjManager</Filter>
    </ClInclude>
    <ClInclude Include="..\Codes\StaticMesh.h">
      <Filter>04.Component\05.StaticMesh</Filter>
    </ClInclude>
    <ClInclude Include="..\Codes\DynamicMesh.h">
      <Filter>04.Component\06.DynamicMesh</Filter>
    </ClInclude>
    <ClInclude Include="..\Codes\HierachyLoader.h">
      <Filter>04.Component\06.DynamicMesh\00.HierachyLoader</Filter>
    </ClInclude>
    <ClInclude Include="..\Codes\AniCtrl.h">
      <Filter>04.Component\06.DynamicMesh\01.AniCtrl</Filter>
    </ClInclude>
    <ClInclude Include="..\Codes\Light.h">
      <Filter>06.Light</Filter>
    </ClInclude>
    <ClInclude Include="..\Codes\LightMgr.h">
      <Filter>06.Light\Manager</Filter>
    </ClInclude>
    <ClInclude Include="..\Codes\Collider.h">
      <Filter>04.Component\07.Collider\00.Sphere</Filter>
    </ClInclude>
    <ClInclude Include="..\Codes\BoxCollider.h">
      <Filter>04.Component\07.Collider\01.Box</Filter>
    </ClInclude>
    <ClInclude Include="..\Codes\Navimesh.h">
      <Filter>04.Component\08.Navimesh</Filter>
    </ClInclude>
    <ClInclude Include="..\Codes\Line.h">
      <Filter>04.Component\08.Navimesh\Line</Filter>
    </ClInclude>
    <ClInclude Include="..\Codes\Optimization.h">
      <Filter>04.Component\09.Optimization</Filter>
    </ClInclude>
    <ClInclude Include="..\Codes\QuadTree.h">
      <Filter>04.Component\09.Optimization\QuadTree</Filter>
    </ClInclude>
    <ClInclude Include="..\Codes\Frustum.h">
      <Filter>04.Component\09.Optimization\Frustum</Filter>
    </ClInclude>
    <ClInclude Include="..\Codes\Cell.h">
      <Filter>04.Component\08.Navimesh\Cell</Filter>
    </ClInclude>
    <ClInclude Include="..\Codes\RenderTarget.h">
      <Filter>07.RenderTarget</Filter>
    </ClInclude>
    <ClInclude Include="..\Codes\RenderTargetMgr.h">
      <Filter>07.RenderTarget\Manager</Filter>
    </ClInclude>
    <ClInclude Include="..\Codes\Shader.h">
      <Filter>04.Component\10.Shader</Filter>
    </ClInclude>
    <ClInclude Include="..\Codes\Trail.h">
      <Filter>04.Component\00.VIBuffer\04.Trail</Filter>
    </ClInclude>
    <ClInclude Include="..\Codes\Shader_Ahglan.fx">
      <Filter>04.Component\10.Shader\HLSL</Filter>
    </ClInclude>
    <ClInclude Include="..\Codes\Shader_Blend.fx">
      <Filter>04.Component\10.Shader\HLSL</Filter>
    </ClInclude>
    <ClInclude Include="..\Codes\Shader_Boss_Hpbar.fx">
      <Filter>04.Component\10.Shader\HLSL</Filter>
    </ClInclude>
    <ClInclude Include="..\Codes\Shader_FadeInOut.fx">
      <Filter>04.Component\10.Shader\HLSL</Filter>
    </ClInclude>
    <ClInclude Include="..\Codes\Shader_Loading_Progress.fx">
      <Filter>04.Component\10.Shader\HLSL</Filter>
    </ClInclude>
    <ClInclude Include="..\Codes\Shader_Mesh.fx">
      <Filter>04.Component\10.Shader\HLSL</Filter>
    </ClInclude>
    <ClInclude Include="..\Codes\Shader_Player.fx">
      <Filter>04.Component\10.Shader\HLSL</Filter>
    </ClInclude>
    <ClInclude Include="..\Codes\Shader_Player_Hpbar.fx">
      <Filter>04.Component\10.Shader\HLSL</Filter>
    </ClInclude>
    <ClInclude Include="..\Codes\Shader_Sample.fx">
      <Filter>04.Component\10.Shader\HLSL</Filter>
    </ClInclude>
    <ClInclude Include="..\Codes\Shader_Shade.fx">
      <Filter>04.Component\10.Shader\HLSL</Filter>
    </ClInclude>
    <ClInclude Include="..\Codes\Shader_Terrain.fx">
      <Filter>04.Component\10.Shader\HLSL</Filter>
    </ClInclude>
    <ClInclude Include="..\Codes\Shader_UI.fx">
      <Filter>04.Component\10.Shader\HLSL</Filter>
    </ClInclude>
    <ClInclude Include="..\Codes\SmashTrail.h">
      <Filter>04.Component\00.VIBuffer\05.SmashTrail</Filter>
    </ClInclude>
    <ClInclude Include="..\Codes\BalistaTrail.h">
      <Filter>04.Component\00.VIBuffer\06.BalistaTrail</Filter>
    </ClInclude>
  </ItemGroup>
  <ItemGroup>
    <None Include="..\..\Headers\Export_Utility.inl">
      <Filter>99.Export</Filter>
    </None>
  </ItemGroup>
  <ItemGroup>
    <ClCompile Include="..\Codes\Management.cpp">
      <Filter>00.Management</Filter>
    </ClCompile>
    <ClCompile Include="..\Codes\Scene.cpp">
      <Filter>01.Scene</Filter>
    </ClCompile>
    <ClCompile Include="..\Codes\Layer.cpp">
      <Filter>02.Layer</Filter>
    </ClCompile>
    <ClCompile Include="..\Codes\GameObject.cpp">
      <Filter>03.GameObject</Filter>
    </ClCompile>
    <ClCompile Include="..\Codes\Camera.cpp">
      <Filter>03.GameObject\00.Camera</Filter>
    </ClCompile>
    <ClCompile Include="..\Codes\ProtoMgr.cpp">
      <Filter>05.ProtoMgr</Filter>
    </ClCompile>
    <ClCompile Include="..\Codes\Calculator.cpp">
      <Filter>04.Component\04.Calculator</Filter>
    </ClCompile>
    <ClCompile Include="..\Codes\Component.cpp">
      <Filter>04.Component</Filter>
    </ClCompile>
    <ClCompile Include="..\Codes\CubeTex.cpp">
      <Filter>04.Component\00.VIBuffer\03.CubeTex</Filter>
    </ClCompile>
    <ClCompile Include="..\Codes\RcTex.cpp">
      <Filter>04.Component\00.VIBuffer\01.RcTex</Filter>
    </ClCompile>
    <ClCompile Include="..\Codes\TerrainTex.cpp">
      <Filter>04.Component\00.VIBuffer\02.TerrainTex</Filter>
    </ClCompile>
    <ClCompile Include="..\Codes\Texture.cpp">
      <Filter>04.Component\01.Texture</Filter>
    </ClCompile>
    <ClCompile Include="..\Codes\Transform.cpp">
      <Filter>04.Component\02.Transform</Filter>
    </ClCompile>
    <ClCompile Include="..\Codes\TriCol.cpp">
      <Filter>04.Component\00.VIBuffer\00.TriCol</Filter>
    </ClCompile>
    <ClCompile Include="..\Codes\VIBuffer.cpp">
      <Filter>04.Component\00.VIBuffer</Filter>
    </ClCompile>
    <ClCompile Include="..\Codes\Renderer.cpp">
      <Filter>04.Component\03.Renderer</Filter>
    </ClCompile>
    <ClCompile Include="..\Codes\MFC_ObjectManager.cpp">
      <Filter>03.GameObject\MFC_ObjManager</Filter>
    </ClCompile>
    <ClCompile Include="..\Codes\StaticMesh.cpp">
      <Filter>04.Component\05.StaticMesh</Filter>
    </ClCompile>
    <ClCompile Include="..\Codes\DynamicMesh.cpp">
      <Filter>04.Component\06.DynamicMesh</Filter>
    </ClCompile>
    <ClCompile Include="..\Codes\HierachyLoader.cpp">
      <Filter>04.Component\06.DynamicMesh\00.HierachyLoader</Filter>
    </ClCompile>
    <ClCompile Include="..\Codes\AniCtrl.cpp">
      <Filter>04.Component\06.DynamicMesh\01.AniCtrl</Filter>
    </ClCompile>
    <ClCompile Include="..\Codes\Light.cpp">
      <Filter>06.Light</Filter>
    </ClCompile>
    <ClCompile Include="..\Codes\LightMgr.cpp">
      <Filter>06.Light\Manager</Filter>
    </ClCompile>
    <ClCompile Include="..\Codes\Collider.cpp">
      <Filter>04.Component\07.Collider\00.Sphere</Filter>
    </ClCompile>
    <ClCompile Include="..\Codes\BoxCollider.cpp">
      <Filter>04.Component\07.Collider\01.Box</Filter>
    </ClCompile>
    <ClCompile Include="..\Codes\Navimesh.cpp">
      <Filter>04.Component\08.Navimesh</Filter>
    </ClCompile>
    <ClCompile Include="..\Codes\Line.cpp">
      <Filter>04.Component\08.Navimesh\Line</Filter>
    </ClCompile>
    <ClCompile Include="..\Codes\Cell.cpp">
      <Filter>04.Component\08.Navimesh\Cell</Filter>
    </ClCompile>
    <ClCompile Include="..\Codes\Optimization.cpp">
      <Filter>04.Component\09.Optimization</Filter>
    </ClCompile>
    <ClCompile Include="..\Codes\QuadTree.cpp">
      <Filter>04.Component\09.Optimization\QuadTree</Filter>
    </ClCompile>
    <ClCompile Include="..\Codes\Frustum.cpp">
      <Filter>04.Component\09.Optimization\Frustum</Filter>
    </ClCompile>
    <ClCompile Include="..\Codes\RenderTarget.cpp">
      <Filter>07.RenderTarget</Filter>
    </ClCompile>
    <ClCompile Include="..\Codes\RenderTargetMgr.cpp">
      <Filter>07.RenderTarget\Manager</Filter>
    </ClCompile>
    <ClCompile Include="..\Codes\Shader.cpp">
      <Filter>04.Component\10.Shader</Filter>
    </ClCompile>
    <ClCompile Include="..\Codes\Trail.cpp">
      <Filter>04.Component\00.VIBuffer\04.Trail</Filter>
    </ClCompile>
    <ClCompile Include="..\Codes\SmashTrail.cpp">
      <Filter>04.Component\00.VIBuffer\05.SmashTrail</Filter>
    </ClCompile>
    <ClCompile Include="..\Codes\BalistaTrail.cpp">
      <Filter>04.Component\00.VIBuffer\06.BalistaTrail</Filter>
    </ClCompile>
  </ItemGroup>
  <ItemGroup>
    <FxCompile Include="..\Codes\Shader_DamageFont.fx">
      <Filter>04.Component\10.Shader\HLSL</Filter>
    </FxCompile>
    <FxCompile Include="..\Codes\Shader_StageMesh.fx">
      <Filter>04.Component\10.Shader\HLSL</Filter>
    </FxCompile>
    <FxCompile Include="..\Codes\Shader_Normal.fx">
      <Filter>04.Component\10.Shader\HLSL</Filter>
    </FxCompile>
    <FxCompile Include="..\Codes\Shader_Trail.fx">
      <Filter>04.Component\10.Shader\HLSL</Filter>
    </FxCompile>
    <FxCompile Include="..\Codes\Shader_Sky.fx">
      <Filter>04.Component\10.Shader\HLSL</Filter>
    </FxCompile>
    <FxCompile Include="..\Codes\Shader_Symbol.fx">
      <Filter>04.Component\10.Shader\HLSL</Filter>
    </FxCompile>
    <FxCompile Include="..\Codes\Shader_BackGround.fx">
      <Filter>04.Component\10.Shader\HLSL</Filter>
    </FxCompile>
    <FxCompile Include="..\Codes\Shader_Stage_1Mesh.fx">
      <Filter>04.Component\10.Shader\HLSL</Filter>
    </FxCompile>
    <FxCompile Include="..\Codes\Shader_Skill_UI.fx">
      <Filter>04.Component\10.Shader\HLSL</Filter>
    </FxCompile>
    <FxCompile Include="..\Codes\Shader_Item.fx">
      <Filter>04.Component\10.Shader\HLSL</Filter>
    </FxCompile>
  </ItemGroup>
</Project>