<?xml version="1.0" encoding="utf-8"?>
<Project ToolsVersion="4.0" xmlns="http://schemas.microsoft.com/developer/msbuild/2003">
  <ItemGroup>
    <Filter Include="99.Etc">
      <UniqueIdentifier>{919fc78a-14dc-47c6-9088-9060ac51bd42}</UniqueIdentifier>
    </Filter>
    <Filter Include="99.Etc\헤더 파일">
      <UniqueIdentifier>{93995380-89BD-4b04-88EB-625FBE52EBFB}</UniqueIdentifier>
      <Extensions>h;hh;hpp;hxx;hm;inl;inc;xsd</Extensions>
    </Filter>
    <Filter Include="99.Etc\소스 파일">
      <UniqueIdentifier>{4FC737F1-C7A5-4376-A066-2A32D752A2FF}</UniqueIdentifier>
      <Extensions>cpp;c;cc;cxx;def;odl;idl;hpj;bat;asm;asmx</Extensions>
    </Filter>
    <Filter Include="99.Etc\리소스 파일">
      <UniqueIdentifier>{67DA6AB6-F800-4c08-8B7A-83BB121AAD01}</UniqueIdentifier>
      <Extensions>rc;ico;cur;bmp;dlg;rc2;rct;bin;rgs;gif;jpg;jpeg;jpe;resx;tiff;tif;png;wav;mfcribbon-ms</Extensions>
    </Filter>
    <Filter Include="00.MainApp">
      <UniqueIdentifier>{683ae36f-51f2-43df-963e-10fcb017cc8a}</UniqueIdentifier>
    </Filter>
    <Filter Include="98.Headers">
      <UniqueIdentifier>{f3cfc8e7-b490-4236-af7a-30b795f078f9}</UniqueIdentifier>
    </Filter>
    <Filter Include="01.Scene">
      <UniqueIdentifier>{6345299e-8d56-49f8-a806-d3a24ed40966}</UniqueIdentifier>
    </Filter>
    <Filter Include="02.GameObject">
      <UniqueIdentifier>{d53520f2-5202-4453-856a-343af757a415}</UniqueIdentifier>
    </Filter>
    <Filter Include="01.Scene\00.Logo">
      <UniqueIdentifier>{1b876db0-6135-4d6d-8dfd-144a3386c2cb}</UniqueIdentifier>
    </Filter>
    <Filter Include="01.Scene\01.Stage">
      <UniqueIdentifier>{230b2d10-0dc9-4861-af13-916ccee498e9}</UniqueIdentifier>
    </Filter>
    <Filter Include="01.Scene\02.Loading">
      <UniqueIdentifier>{d6465a76-7059-4a49-84bd-4ebfbb74290d}</UniqueIdentifier>
    </Filter>
    <Filter Include="02.GameObject\00.BackGround">
      <UniqueIdentifier>{210af0c9-855f-4b98-b61f-0f2cda69304a}</UniqueIdentifier>
    </Filter>
    <Filter Include="02.GameObject\01.Player">
      <UniqueIdentifier>{03683c9d-f487-4405-84bf-512d2e517332}</UniqueIdentifier>
    </Filter>
    <Filter Include="02.GameObject\02.Terrain">
      <UniqueIdentifier>{6f52b54c-c459-4c4c-b001-6510a8c0ffa4}</UniqueIdentifier>
    </Filter>
    <Filter Include="02.GameObject\04.MainCamera">
      <UniqueIdentifier>{0261291c-e90d-4e1d-b5a9-3d71a5534c00}</UniqueIdentifier>
    </Filter>
    <Filter Include="02.GameObject\05.SkyBox">
      <UniqueIdentifier>{8d77d238-39c9-4118-8ccf-5993bef891a6}</UniqueIdentifier>
    </Filter>
    <Filter Include="02.GameObject\03.StageMesh">
      <UniqueIdentifier>{8fb7fe41-b783-4568-8e95-bc053acb4b45}</UniqueIdentifier>
    </Filter>
    <Filter Include="02.GameObject\06.Ahglan">
      <UniqueIdentifier>{4cc3c394-9057-4bf1-9b09-4e1133ce99c7}</UniqueIdentifier>
    </Filter>
    <Filter Include="97.Manager">
      <UniqueIdentifier>{f6921372-5d52-43e1-ac0a-37510c790150}</UniqueIdentifier>
    </Filter>
    <Filter Include="97.Manager\00.CollisionMgr">
      <UniqueIdentifier>{d71f251f-3002-479b-ae40-b880eede389e}</UniqueIdentifier>
    </Filter>
  </ItemGroup>
  <ItemGroup>
    <ClInclude Include="targetver.h">
      <Filter>99.Etc\헤더 파일</Filter>
    </ClInclude>
    <ClInclude Include="Resource.h">
      <Filter>99.Etc\헤더 파일</Filter>
    </ClInclude>
    <ClInclude Include="Client.h">
      <Filter>99.Etc\헤더 파일</Filter>
    </ClInclude>
    <ClInclude Include="..\Codes\MainApp.h">
      <Filter>00.MainApp</Filter>
    </ClInclude>
    <ClInclude Include="stdafx.h">
      <Filter>98.Headers</Filter>
    </ClInclude>
    <ClInclude Include="..\Codes\Define.h">
      <Filter>98.Headers</Filter>
    </ClInclude>
    <ClInclude Include="..\Codes\Logo.h">
      <Filter>01.Scene\00.Logo</Filter>
    </ClInclude>
    <ClInclude Include="..\Codes\Stage.h">
      <Filter>01.Scene\01.Stage</Filter>
    </ClInclude>
    <ClInclude Include="..\Codes\Loading.h">
      <Filter>01.Scene\02.Loading</Filter>
    </ClInclude>
    <ClInclude Include="..\Codes\BackGround.h">
      <Filter>02.GameObject\00.BackGround</Filter>
    </ClInclude>
    <ClInclude Include="..\Codes\Player.h">
      <Filter>02.GameObject\01.Player</Filter>
    </ClInclude>
    <ClInclude Include="..\Codes\Terrain.h">
      <Filter>02.GameObject\02.Terrain</Filter>
    </ClInclude>
    <ClInclude Include="..\Codes\DynamicCamera.h">
      <Filter>02.GameObject\04.MainCamera</Filter>
    </ClInclude>
    <ClInclude Include="..\Codes\SkyBox.h">
      <Filter>02.GameObject\05.SkyBox</Filter>
    </ClInclude>
    <ClInclude Include="..\Codes\StageMesh.h">
      <Filter>02.GameObject\03.StageMesh</Filter>
    </ClInclude>
    <ClInclude Include="..\Codes\Ahglan.h">
      <Filter>02.GameObject\06.Ahglan</Filter>
    </ClInclude>
    <ClInclude Include="..\Codes\CollisionMgr.h">
      <Filter>97.Manager\00.CollisionMgr</Filter>
    </ClInclude>
  </ItemGroup>
  <ItemGroup>
    <ClCompile Include="stdafx.cpp">
      <Filter>99.Etc\소스 파일</Filter>
    </ClCompile>
    <ClCompile Include="Client.cpp">
      <Filter>99.Etc\소스 파일</Filter>
    </ClCompile>
    <ClCompile Include="..\Codes\MainApp.cpp">
      <Filter>00.MainApp</Filter>
    </ClCompile>
    <ClCompile Include="..\Codes\Logo.cpp">
      <Filter>01.Scene\00.Logo</Filter>
    </ClCompile>
    <ClCompile Include="..\Codes\Stage.cpp">
      <Filter>01.Scene\01.Stage</Filter>
    </ClCompile>
    <ClCompile Include="..\Codes\Loading.cpp">
      <Filter>01.Scene\02.Loading</Filter>
    </ClCompile>
    <ClCompile Include="..\Codes\BackGround.cpp">
      <Filter>02.GameObject\00.BackGround</Filter>
    </ClCompile>
    <ClCompile Include="..\Codes\Player.cpp">
      <Filter>02.GameObject\01.Player</Filter>
    </ClCompile>
    <ClCompile Include="..\Codes\Terrain.cpp">
      <Filter>02.GameObject\02.Terrain</Filter>
    </ClCompile>
    <ClCompile Include="..\Codes\DynamicCamera.cpp">
      <Filter>02.GameObject\04.MainCamera</Filter>
    </ClCompile>
    <ClCompile Include="..\Codes\SkyBox.cpp">
      <Filter>02.GameObject\05.SkyBox</Filter>
    </ClCompile>
    <ClCompile Include="..\Codes\StageMesh.cpp">
      <Filter>02.GameObject\03.StageMesh</Filter>
    </ClCompile>
    <ClCompile Include="..\Codes\Ahglan.cpp">
      <Filter>02.GameObject\06.Ahglan</Filter>
    </ClCompile>
    <ClCompile Include="..\Codes\CollisionMgr.cpp">
      <Filter>97.Manager\00.CollisionMgr</Filter>
    </ClCompile>
  </ItemGroup>
  <ItemGroup>
    <ResourceCompile Include="Client.rc">
      <Filter>99.Etc\리소스 파일</Filter>
    </ResourceCompile>
  </ItemGroup>
  <ItemGroup>
    <Image Include="small.ico">
      <Filter>99.Etc\리소스 파일</Filter>
    </Image>
    <Image Include="Client.ico">
      <Filter>99.Etc\리소스 파일</Filter>
    </Image>
  </ItemGroup>
</Project>