<?xml version="1.0" encoding="utf-8"?>
<Project ToolsVersion="4.0" xmlns="http://schemas.microsoft.com/developer/msbuild/2003">
  <ItemGroup>
    <Filter Include="99.Etc">
      <UniqueIdentifier>{919fc78a-14dc-47c6-9088-9060ac51bd42}</UniqueIdentifier>
    </Filter>
    <Filter Include="99.Etc\헤더 파일">
      <UniqueIdentifier>{93995380-89BD-4b04-88EB-625FBE52EBFB}</UniqueIdentifier>
      <Extensions>h;hh;hpp;hxx;hm;inl;inc;xsd</Extensions>
    </Filter>
    <Filter Include="99.Etc\소스 파일">
      <UniqueIdentifier>{4FC737F1-C7A5-4376-A066-2A32D752A2FF}</UniqueIdentifier>
      <Extensions>cpp;c;cc;cxx;def;odl;idl;hpj;bat;asm;asmx</Extensions>
    </Filter>
    <Filter Include="99.Etc\리소스 파일">
      <UniqueIdentifier>{67DA6AB6-F800-4c08-8B7A-83BB121AAD01}</UniqueIdentifier>
      <Extensions>rc;ico;cur;bmp;dlg;rc2;rct;bin;rgs;gif;jpg;jpeg;jpe;resx;tiff;tif;png;wav;mfcribbon-ms</Extensions>
    </Filter>
    <Filter Include="00.MainApp">
      <UniqueIdentifier>{683ae36f-51f2-43df-963e-10fcb017cc8a}</UniqueIdentifier>
    </Filter>
    <Filter Include="98.Headers">
      <UniqueIdentifier>{f3cfc8e7-b490-4236-af7a-30b795f078f9}</UniqueIdentifier>
    </Filter>
    <Filter Include="01.Scene">
      <UniqueIdentifier>{6345299e-8d56-49f8-a806-d3a24ed40966}</UniqueIdentifier>
    </Filter>
    <Filter Include="02.GameObject">
      <UniqueIdentifier>{d53520f2-5202-4453-856a-343af757a415}</UniqueIdentifier>
    </Filter>
    <Filter Include="01.Scene\00.Logo">
      <UniqueIdentifier>{1b876db0-6135-4d6d-8dfd-144a3386c2cb}</UniqueIdentifier>
    </Filter>
    <Filter Include="01.Scene\01.Stage">
      <UniqueIdentifier>{230b2d10-0dc9-4861-af13-916ccee498e9}</UniqueIdentifier>
    </Filter>
    <Filter Include="01.Scene\02.Loading">
      <UniqueIdentifier>{d6465a76-7059-4a49-84bd-4ebfbb74290d}</UniqueIdentifier>
    </Filter>
    <Filter Include="02.GameObject\00.BackGround">
      <UniqueIdentifier>{210af0c9-855f-4b98-b61f-0f2cda69304a}</UniqueIdentifier>
    </Filter>
    <Filter Include="02.GameObject\01.Player">
      <UniqueIdentifier>{03683c9d-f487-4405-84bf-512d2e517332}</UniqueIdentifier>
    </Filter>
    <Filter Include="02.GameObject\02.Terrain">
      <UniqueIdentifier>{6f52b54c-c459-4c4c-b001-6510a8c0ffa4}</UniqueIdentifier>
    </Filter>
    <Filter Include="02.GameObject\04.MainCamera">
      <UniqueIdentifier>{0261291c-e90d-4e1d-b5a9-3d71a5534c00}</UniqueIdentifier>
    </Filter>
    <Filter Include="02.GameObject\05.SkyBox">
      <UniqueIdentifier>{8d77d238-39c9-4118-8ccf-5993bef891a6}</UniqueIdentifier>
    </Filter>
    <Filter Include="02.GameObject\03.StageMesh">
      <UniqueIdentifier>{8fb7fe41-b783-4568-8e95-bc053acb4b45}</UniqueIdentifier>
    </Filter>
    <Filter Include="02.GameObject\06.Ahglan">
      <UniqueIdentifier>{4cc3c394-9057-4bf1-9b09-4e1133ce99c7}</UniqueIdentifier>
    </Filter>
    <Filter Include="97.Manager">
      <UniqueIdentifier>{f6921372-5d52-43e1-ac0a-37510c790150}</UniqueIdentifier>
    </Filter>
    <Filter Include="97.Manager\00. SoundMgr">
      <UniqueIdentifier>{51d6a7db-1c2f-42d0-b710-9affd4a749d6}</UniqueIdentifier>
    </Filter>
    <Filter Include="02.GameObject\07.StickyBomb">
      <UniqueIdentifier>{2171dae8-a8c2-4c2e-96e6-8b3066f1953b}</UniqueIdentifier>
    </Filter>
    <Filter Include="02.GameObject\08.Dummy">
      <UniqueIdentifier>{e0012ce0-c999-4095-8a8b-43df1c4f4208}</UniqueIdentifier>
    </Filter>
    <Filter Include="02.GameObject\08.Dummy\00.HitBox_Pos">
      <UniqueIdentifier>{d7115837-7d44-42f9-b97c-1b891f7ae570}</UniqueIdentifier>
    </Filter>
    <Filter Include="02.GameObject\09.UI">
      <UniqueIdentifier>{8db05e54-02a2-4348-a264-208ba7111a71}</UniqueIdentifier>
    </Filter>
    <Filter Include="02.GameObject\09.UI\01.Boss_Hpbar">
      <UniqueIdentifier>{49ea4020-cabf-428e-93a5-fd86f26c591c}</UniqueIdentifier>
    </Filter>
    <Filter Include="02.GameObject\09.UI\02.LoadingBar">
      <UniqueIdentifier>{42864455-2f63-4c14-9e82-b2f005800586}</UniqueIdentifier>
    </Filter>
    <Filter Include="02.GameObject\09.UI\02.LoadingBar\00.BackEffect">
      <UniqueIdentifier>{31cae7c8-c843-4435-8179-c3e773b23559}</UniqueIdentifier>
    </Filter>
    <Filter Include="02.GameObject\09.UI\02.LoadingBar\01.Progress">
      <UniqueIdentifier>{703ea10b-b5e0-4b71-8185-18c073c9c366}</UniqueIdentifier>
    </Filter>
    <Filter Include="02.GameObject\09.UI\02.LoadingBar\02.Point">
      <UniqueIdentifier>{d54ac2ec-8223-479f-a126-7802b74a9996}</UniqueIdentifier>
    </Filter>
    <Filter Include="02.GameObject\09.UI\03.FadeInOut">
      <UniqueIdentifier>{de279750-3fe6-4260-a52b-a3113c23e5ba}</UniqueIdentifier>
    </Filter>
    <Filter Include="02.GameObject\09.UI\01.Boss_Hpbar\00.Back">
      <UniqueIdentifier>{741e5eb5-5055-488a-a298-9f49a1bdb421}</UniqueIdentifier>
    </Filter>
    <Filter Include="02.GameObject\09.UI\01.Boss_Hpbar\02.Yellow">
      <UniqueIdentifier>{a65ed553-07eb-42ce-83e6-8ae5bde82e51}</UniqueIdentifier>
    </Filter>
    <Filter Include="02.GameObject\09.UI\01.Boss_Hpbar\01.Red">
      <UniqueIdentifier>{0e8ce85f-cde0-4e13-bc7c-10e4d9857dea}</UniqueIdentifier>
    </Filter>
    <Filter Include="02.GameObject\09.UI\01.Boss_Hpbar\03.Green">
      <UniqueIdentifier>{9f787fdc-f96f-4b37-96aa-71a7d6ca4b7b}</UniqueIdentifier>
    </Filter>
    <Filter Include="02.GameObject\09.UI\01.Boss_Hpbar\04.Font">
      <UniqueIdentifier>{d1af5261-8404-4433-96f6-ac1fcc7df777}</UniqueIdentifier>
    </Filter>
    <Filter Include="02.GameObject\09.UI\04.StageUI">
      <UniqueIdentifier>{c65be191-1da5-46f9-977d-3cc5a6443f54}</UniqueIdentifier>
    </Filter>
    <Filter Include="02.GameObject\09.UI\04.StageUI\00.AhglanNameFont">
      <UniqueIdentifier>{e6828ee7-fdf0-4eed-a3b8-facab7712a8a}</UniqueIdentifier>
    </Filter>
    <Filter Include="02.GameObject\09.UI\04.StageUI\01.Boss_NamingScene">
      <UniqueIdentifier>{a6c0c7c8-4140-4ef9-862a-2a0362ce6679}</UniqueIdentifier>
    </Filter>
    <Filter Include="02.GameObject\09.UI\04.StageUI\02.AhglanStageUI">
      <UniqueIdentifier>{085fd346-f834-446e-8459-faa968144847}</UniqueIdentifier>
    </Filter>
    <Filter Include="02.GameObject\09.UI\00.PlayerUI">
      <UniqueIdentifier>{d1e5346f-9a1b-45a4-bc03-1eb217d91543}</UniqueIdentifier>
    </Filter>
    <Filter Include="02.GameObject\09.UI\00.PlayerUI\00.Hpbar">
      <UniqueIdentifier>{e18c0cb1-6ab9-42c9-bed8-8d363595de0e}</UniqueIdentifier>
    </Filter>
    <Filter Include="02.GameObject\09.UI\00.PlayerUI\00.Hpbar\02.Value">
      <UniqueIdentifier>{a80a6018-3307-4d80-a9e1-afff257ebb9d}</UniqueIdentifier>
    </Filter>
    <Filter Include="02.GameObject\09.UI\00.PlayerUI\00.Hpbar\01.Lerp">
      <UniqueIdentifier>{870441fd-b6bc-4c0b-be03-b99e38e3e3ad}</UniqueIdentifier>
    </Filter>
    <Filter Include="02.GameObject\09.UI\00.PlayerUI\00.Hpbar\00.Back">
      <UniqueIdentifier>{1ff6f88e-f091-4545-a6ce-860f0352d5e7}</UniqueIdentifier>
    </Filter>
    <Filter Include="02.GameObject\09.UI\00.PlayerUI\01.Steminabar">
      <UniqueIdentifier>{cf3386f3-af20-4b50-a1db-aa91587727da}</UniqueIdentifier>
    </Filter>
    <Filter Include="02.GameObject\09.UI\00.PlayerUI\02.Spbar">
      <UniqueIdentifier>{fec64bad-f54b-4b90-9b9c-03af8ab0c677}</UniqueIdentifier>
    </Filter>
    <Filter Include="02.GameObject\09.UI\00.PlayerUI\01.Steminabar\00.Back">
      <UniqueIdentifier>{da1a19fa-a908-4d3e-8027-386217479fde}</UniqueIdentifier>
    </Filter>
    <Filter Include="02.GameObject\09.UI\00.PlayerUI\01.Steminabar\01.Value">
      <UniqueIdentifier>{3d8192b2-8bee-4702-93e2-7666c8df36d1}</UniqueIdentifier>
    </Filter>
    <Filter Include="02.GameObject\09.UI\00.PlayerUI\02.Spbar\00.Back">
      <UniqueIdentifier>{a6567912-48cf-4593-b05e-163a803ca9e1}</UniqueIdentifier>
    </Filter>
    <Filter Include="02.GameObject\09.UI\00.PlayerUI\02.Spbar\01.Value">
      <UniqueIdentifier>{277e6868-fea3-484b-b7e1-e2c2391edc4f}</UniqueIdentifier>
    </Filter>
  </ItemGroup>
  <ItemGroup>
    <ClInclude Include="targetver.h">
      <Filter>99.Etc\헤더 파일</Filter>
    </ClInclude>
    <ClInclude Include="Resource.h">
      <Filter>99.Etc\헤더 파일</Filter>
    </ClInclude>
    <ClInclude Include="Client.h">
      <Filter>99.Etc\헤더 파일</Filter>
    </ClInclude>
    <ClInclude Include="..\Codes\MainApp.h">
      <Filter>00.MainApp</Filter>
    </ClInclude>
    <ClInclude Include="stdafx.h">
      <Filter>98.Headers</Filter>
    </ClInclude>
    <ClInclude Include="..\Codes\Define.h">
      <Filter>98.Headers</Filter>
    </ClInclude>
    <ClInclude Include="..\Codes\Logo.h">
      <Filter>01.Scene\00.Logo</Filter>
    </ClInclude>
    <ClInclude Include="..\Codes\Stage.h">
      <Filter>01.Scene\01.Stage</Filter>
    </ClInclude>
    <ClInclude Include="..\Codes\Loading.h">
      <Filter>01.Scene\02.Loading</Filter>
    </ClInclude>
    <ClInclude Include="..\Codes\BackGround.h">
      <Filter>02.GameObject\00.BackGround</Filter>
    </ClInclude>
    <ClInclude Include="..\Codes\Player.h">
      <Filter>02.GameObject\01.Player</Filter>
    </ClInclude>
    <ClInclude Include="..\Codes\Terrain.h">
      <Filter>02.GameObject\02.Terrain</Filter>
    </ClInclude>
    <ClInclude Include="..\Codes\DynamicCamera.h">
      <Filter>02.GameObject\04.MainCamera</Filter>
    </ClInclude>
    <ClInclude Include="..\Codes\SkyBox.h">
      <Filter>02.GameObject\05.SkyBox</Filter>
    </ClInclude>
    <ClInclude Include="..\Codes\StageMesh.h">
      <Filter>02.GameObject\03.StageMesh</Filter>
    </ClInclude>
    <ClInclude Include="..\Codes\Ahglan.h">
      <Filter>02.GameObject\06.Ahglan</Filter>
    </ClInclude>
    <ClInclude Include="..\Codes\SoundMgr.h">
      <Filter>97.Manager\00. SoundMgr</Filter>
    </ClInclude>
    <ClInclude Include="..\Codes\StickyBomb.h">
      <Filter>02.GameObject\07.StickyBomb</Filter>
    </ClInclude>
    <ClInclude Include="..\Codes\HitBox_Pos.h">
      <Filter>02.GameObject\08.Dummy\00.HitBox_Pos</Filter>
    </ClInclude>
    <ClInclude Include="..\Codes\UI.h">
      <Filter>02.GameObject\09.UI</Filter>
    </ClInclude>
    <ClInclude Include="..\Codes\Player_Hpbar_BackUI.h">
      <Filter>02.GameObject\09.UI\00.PlayerUI\00.Hpbar\00.Back</Filter>
    </ClInclude>
    <ClInclude Include="..\Codes\Player_Hpbar_ValueUI.h">
      <Filter>02.GameObject\09.UI\00.PlayerUI\00.Hpbar\02.Value</Filter>
    </ClInclude>
    <ClInclude Include="..\Codes\Player_Hpbar_LerpUI.h">
      <Filter>02.GameObject\09.UI\00.PlayerUI\00.Hpbar\01.Lerp</Filter>
    </ClInclude>
    <ClInclude Include="..\Codes\LoadingBar_BackEffect.h">
      <Filter>02.GameObject\09.UI\02.LoadingBar\00.BackEffect</Filter>
    </ClInclude>
    <ClInclude Include="..\Codes\LoadingBar_Progress.h">
      <Filter>02.GameObject\09.UI\02.LoadingBar\01.Progress</Filter>
    </ClInclude>
    <ClInclude Include="..\Codes\FadeInOut.h">
      <Filter>02.GameObject\09.UI\03.FadeInOut</Filter>
    </ClInclude>
    <ClInclude Include="..\Codes\Boss_Hpbar_GreenUI.h">
      <Filter>02.GameObject\09.UI\01.Boss_Hpbar\03.Green</Filter>
    </ClInclude>
    <ClInclude Include="..\Codes\Boss_Hpbar_YellowUI.h">
      <Filter>02.GameObject\09.UI\01.Boss_Hpbar\02.Yellow</Filter>
    </ClInclude>
    <ClInclude Include="..\Codes\Boss_Hpbar_RedUI.h">
      <Filter>02.GameObject\09.UI\01.Boss_Hpbar\01.Red</Filter>
    </ClInclude>
    <ClInclude Include="..\Codes\Boss_Hpbar_BackUI.h">
      <Filter>02.GameObject\09.UI\01.Boss_Hpbar\00.Back</Filter>
    </ClInclude>
    <ClInclude Include="..\Codes\Boss_Hpbar_FontUI.h">
      <Filter>02.GameObject\09.UI\01.Boss_Hpbar\04.Font</Filter>
    </ClInclude>
    <ClInclude Include="..\Codes\Ahglan_FontName.h">
      <Filter>02.GameObject\09.UI\04.StageUI\00.AhglanNameFont</Filter>
    </ClInclude>
    <ClInclude Include="..\Codes\Boss_NamingScene.h">
      <Filter>02.GameObject\09.UI\04.StageUI\01.Boss_NamingScene</Filter>
    </ClInclude>
    <ClInclude Include="..\Codes\Ahglan_StageUI.h">
      <Filter>02.GameObject\09.UI\04.StageUI\02.AhglanStageUI</Filter>
    </ClInclude>
    <ClInclude Include="..\Codes\Player_Steminabar_BackUI.h">
      <Filter>02.GameObject\09.UI\00.PlayerUI\01.Steminabar\00.Back</Filter>
    </ClInclude>
    <ClInclude Include="..\Codes\Player_Spbar_BackUI.h">
      <Filter>02.GameObject\09.UI\00.PlayerUI\02.Spbar\00.Back</Filter>
    </ClInclude>
    <ClInclude Include="..\Codes\Player_Steminabar_ValueUI.h">
      <Filter>02.GameObject\09.UI\00.PlayerUI\01.Steminabar\01.Value</Filter>
    </ClInclude>
    <ClInclude Include="..\Codes\Player_Spbar_ValueUI.h">
      <Filter>02.GameObject\09.UI\00.PlayerUI\02.Spbar\01.Value</Filter>
    </ClInclude>
  </ItemGroup>
  <ItemGroup>
    <ClCompile Include="stdafx.cpp">
      <Filter>99.Etc\소스 파일</Filter>
    </ClCompile>
    <ClCompile Include="Client.cpp">
      <Filter>99.Etc\소스 파일</Filter>
    </ClCompile>
    <ClCompile Include="..\Codes\MainApp.cpp">
      <Filter>00.MainApp</Filter>
    </ClCompile>
    <ClCompile Include="..\Codes\Logo.cpp">
      <Filter>01.Scene\00.Logo</Filter>
    </ClCompile>
    <ClCompile Include="..\Codes\Stage.cpp">
      <Filter>01.Scene\01.Stage</Filter>
    </ClCompile>
    <ClCompile Include="..\Codes\Loading.cpp">
      <Filter>01.Scene\02.Loading</Filter>
    </ClCompile>
    <ClCompile Include="..\Codes\BackGround.cpp">
      <Filter>02.GameObject\00.BackGround</Filter>
    </ClCompile>
    <ClCompile Include="..\Codes\Player.cpp">
      <Filter>02.GameObject\01.Player</Filter>
    </ClCompile>
    <ClCompile Include="..\Codes\Terrain.cpp">
      <Filter>02.GameObject\02.Terrain</Filter>
    </ClCompile>
    <ClCompile Include="..\Codes\DynamicCamera.cpp">
      <Filter>02.GameObject\04.MainCamera</Filter>
    </ClCompile>
    <ClCompile Include="..\Codes\SkyBox.cpp">
      <Filter>02.GameObject\05.SkyBox</Filter>
    </ClCompile>
    <ClCompile Include="..\Codes\StageMesh.cpp">
      <Filter>02.GameObject\03.StageMesh</Filter>
    </ClCompile>
    <ClCompile Include="..\Codes\Ahglan.cpp">
      <Filter>02.GameObject\06.Ahglan</Filter>
    </ClCompile>
    <ClCompile Include="..\Codes\SoundMgr.cpp">
      <Filter>97.Manager\00. SoundMgr</Filter>
    </ClCompile>
    <ClCompile Include="..\Codes\StickyBomb.cpp">
      <Filter>02.GameObject\07.StickyBomb</Filter>
    </ClCompile>
    <ClCompile Include="..\Codes\HitBox_Pos.cpp">
      <Filter>02.GameObject\08.Dummy\00.HitBox_Pos</Filter>
    </ClCompile>
    <ClCompile Include="..\Codes\UI.cpp">
      <Filter>02.GameObject\09.UI</Filter>
    </ClCompile>
    <ClCompile Include="..\Codes\Player_Hpbar_BackUI.cpp">
      <Filter>02.GameObject\09.UI\00.PlayerUI\00.Hpbar\00.Back</Filter>
    </ClCompile>
    <ClCompile Include="..\Codes\Player_Hpbar_ValueUI.cpp">
      <Filter>02.GameObject\09.UI\00.PlayerUI\00.Hpbar\02.Value</Filter>
    </ClCompile>
    <ClCompile Include="..\Codes\Player_Hpbar_LerpUI.cpp">
      <Filter>02.GameObject\09.UI\00.PlayerUI\00.Hpbar\01.Lerp</Filter>
    </ClCompile>
    <ClCompile Include="..\Codes\LoadingBar_BackEffect.cpp">
      <Filter>02.GameObject\09.UI\02.LoadingBar\00.BackEffect</Filter>
    </ClCompile>
    <ClCompile Include="..\Codes\LoadingBar_Progress.cpp">
      <Filter>02.GameObject\09.UI\02.LoadingBar\01.Progress</Filter>
    </ClCompile>
    <ClCompile Include="..\Codes\FadeInOut.cpp">
      <Filter>02.GameObject\09.UI\03.FadeInOut</Filter>
    </ClCompile>
    <ClCompile Include="..\Codes\Boss_Hpbar_GreenUI.cpp">
      <Filter>02.GameObject\09.UI\01.Boss_Hpbar\03.Green</Filter>
    </ClCompile>
    <ClCompile Include="..\Codes\Boss_Hpbar_YellowUI.cpp">
      <Filter>02.GameObject\09.UI\01.Boss_Hpbar\02.Yellow</Filter>
    </ClCompile>
    <ClCompile Include="..\Codes\Boss_Hpbar_RedUI.cpp">
      <Filter>02.GameObject\09.UI\01.Boss_Hpbar\01.Red</Filter>
    </ClCompile>
    <ClCompile Include="..\Codes\Boss_Hpbar_BackUI.cpp">
      <Filter>02.GameObject\09.UI\01.Boss_Hpbar\00.Back</Filter>
    </ClCompile>
    <ClCompile Include="..\Codes\Boss_Hpbar_FontUI.cpp">
      <Filter>02.GameObject\09.UI\01.Boss_Hpbar\04.Font</Filter>
    </ClCompile>
    <ClCompile Include="..\Codes\Ahglan_FontName.cpp">
      <Filter>02.GameObject\09.UI\04.StageUI\00.AhglanNameFont</Filter>
    </ClCompile>
    <ClCompile Include="..\Codes\Boss_NamingScene.cpp">
      <Filter>02.GameObject\09.UI\04.StageUI\01.Boss_NamingScene</Filter>
    </ClCompile>
    <ClCompile Include="..\Codes\Ahglan_StageUI.cpp">
      <Filter>02.GameObject\09.UI\04.StageUI\02.AhglanStageUI</Filter>
    </ClCompile>
    <ClCompile Include="..\Codes\Player_Steminabar_BackUI.cpp">
      <Filter>02.GameObject\09.UI\00.PlayerUI\01.Steminabar\00.Back</Filter>
    </ClCompile>
    <ClCompile Include="..\Codes\Player_Spbar_BackUI.cpp">
      <Filter>02.GameObject\09.UI\00.PlayerUI\02.Spbar\00.Back</Filter>
    </ClCompile>
    <ClCompile Include="..\Codes\Player_Steminabar_ValueUI.cpp">
      <Filter>02.GameObject\09.UI\00.PlayerUI\01.Steminabar\01.Value</Filter>
    </ClCompile>
    <ClCompile Include="..\Codes\Player_Spbar_ValueUI.cpp">
      <Filter>02.GameObject\09.UI\00.PlayerUI\02.Spbar\01.Value</Filter>
    </ClCompile>
  </ItemGroup>
  <ItemGroup>
    <ResourceCompile Include="Client.rc">
      <Filter>99.Etc\리소스 파일</Filter>
    </ResourceCompile>
  </ItemGroup>
  <ItemGroup>
    <Image Include="small.ico">
      <Filter>99.Etc\리소스 파일</Filter>
    </Image>
    <Image Include="Client.ico">
      <Filter>99.Etc\리소스 파일</Filter>
    </Image>
  </ItemGroup>
</Project>